
Microsoft Visual Studio Solution File, Format Version 12.00
# Visual Studio Version 17
VisualStudioVersion = 17.14.36811.4 d17.14
MinimumVisualStudioVersion = 10.0.40219.1
Project("{FAE04EC0-301F-11D3-BF4B-00C04F79EFBC}") = "FinalProject", "FinalProject\FinalProject.csproj", "{7C64CF0B-C1D3-4F3E-9B72-FD4BB41CEE16}"
EndProject
Global
	GlobalSection(SolutionConfigurationPlatforms) = preSolution
		Debug|Any CPU = Debug|Any CPU
		Release|Any CPU = Release|Any CPU
	EndGlobalSection
	GlobalSection(ProjectConfigurationPlatforms) = postSolution
		{7C64CF0B-C1D3-4F3E-9B72-FD4BB41CEE16}.Debug|Any CPU.ActiveCfg = Debug|Any CPU
		{7C64CF0B-C1D3-4F3E-9B72-FD4BB41CEE16}.Debug|Any CPU.Build.0 = Debug|Any CPU
		{7C64CF0B-C1D3-4F3E-9B72-FD4BB41CEE16}.Release|Any CPU.ActiveCfg = Release|Any CPU
		{7C64CF0B-C1D3-4F3E-9B72-FD4BB41CEE16}.Release|Any CPU.Build.0 = Release|Any CPU
	EndGlobalSection
	GlobalSection(SolutionProperties) = preSolution
		HideSolutionNode = FALSE
	EndGlobalSection
	GlobalSection(ExtensibilityGlobals) = postSolution
		SolutionGuid = {0741600A-336B-4774-A1F8-6639ACFA6063}
	EndGlobalSection
EndGlobal
